// !$*UTF8*$!
{
	archiveVersion = 1;
	classes = {
	};
	objectVersion = 48;
	objects = {

/* Begin PBXBuildFile section */
		84AF47461FAD9847004F03B3 /* AppDelegate.m in Sources */ = {isa = PBXBuildFile; fileRef = 84AF47451FAD9847004F03B3 /* AppDelegate.m */; };
		84AF47491FAD9847004F03B3 /* ViewController.m in Sources */ = {isa = PBXBuildFile; fileRef = 84AF47481FAD9847004F03B3 /* ViewController.m */; };
		84AF474C1FAD9847004F03B3 /* Main.storyboard in Resources */ = {isa = PBXBuildFile; fileRef = 84AF474A1FAD9847004F03B3 /* Main.storyboard */; };
		84AF474E1FAD9847004F03B3 /* Assets.xcassets in Resources */ = {isa = PBXBuildFile; fileRef = 84AF474D1FAD9847004F03B3 /* Assets.xcassets */; };
		84AF47511FAD9847004F03B3 /* LaunchScreen.storyboard in Resources */ = {isa = PBXBuildFile; fileRef = 84AF474F1FAD9847004F03B3 /* LaunchScreen.storyboard */; };
		84AF47541FAD9847004F03B3 /* main.m in Sources */ = {isa = PBXBuildFile; fileRef = 84AF47531FAD9847004F03B3 /* main.m */; };
		84AF475E1FAD9847004F03B3 /* MSTests.m in Sources */ = {isa = PBXBuildFile; fileRef = 84AF475D1FAD9847004F03B3 /* MSTests.m */; };
		84AF47691FAD9847004F03B3 /* MSUITests.m in Sources */ = {isa = PBXBuildFile; fileRef = 84AF47681FAD9847004F03B3 /* MSUITests.m */; };
		84AF47781FAD9D88004F03B3 /* LoginViewController.m in Sources */ = {isa = PBXBuildFile; fileRef = 84AF47771FAD9D88004F03B3 /* LoginViewController.m */; };
		E0B06588BFA1CE5FC663A70E /* libPods-MS.a in Frameworks */ = {isa = PBXBuildFile; fileRef = 00916B51731E25A4CAEC89D5 /* libPods-MS.a */; };
/* End PBXBuildFile section */

/* Begin PBXContainerItemProxy section */
		84AF475A1FAD9847004F03B3 /* PBXContainerItemProxy */ = {
			isa = PBXContainerItemProxy;
			containerPortal = 84AF47391FAD9847004F03B3 /* Project object */;
			proxyType = 1;
			remoteGlobalIDString = 84AF47401FAD9847004F03B3;
			remoteInfo = MS;
		};
		84AF47651FAD9847004F03B3 /* PBXContainerItemProxy */ = {
			isa = PBXContainerItemProxy;
			containerPortal = 84AF47391FAD9847004F03B3 /* Project object */;
			proxyType = 1;
			remoteGlobalIDString = 84AF47401FAD9847004F03B3;
			remoteInfo = MS;
		};
/* End PBXContainerItemProxy section */

/* Begin PBXFileReference section */
		00916B51731E25A4CAEC89D5 /* libPods-MS.a */ = {isa = PBXFileReference; explicitFileType = archive.ar; includeInIndex = 0; path = "libPods-MS.a"; sourceTree = BUILT_PRODUCTS_DIR; };
		0B7DB9D9C5367B1908A210E3 /* Pods-MS.release.xcconfig */ = {isa = PBXFileReference; includeInIndex = 1; lastKnownFileType = text.xcconfig; name = "Pods-MS.release.xcconfig"; path = "Pods/Target Support Files/Pods-MS/Pods-MS.release.xcconfig"; sourceTree = "<group>"; };
		84AF47411FAD9847004F03B3 /* MS.app */ = {isa = PBXFileReference; explicitFileType = wrapper.application; includeInIndex = 0; path = MS.app; sourceTree = BUILT_PRODUCTS_DIR; };
		84AF47441FAD9847004F03B3 /* AppDelegate.h */ = {isa = PBXFileReference; lastKnownFileType = sourcecode.c.h; path = AppDelegate.h; sourceTree = "<group>"; };
		84AF47451FAD9847004F03B3 /* AppDelegate.m */ = {isa = PBXFileReference; lastKnownFileType = sourcecode.c.objc; path = AppDelegate.m; sourceTree = "<group>"; };
		84AF47471FAD9847004F03B3 /* ViewController.h */ = {isa = PBXFileReference; lastKnownFileType = sourcecode.c.h; path = ViewController.h; sourceTree = "<group>"; };
		84AF47481FAD9847004F03B3 /* ViewController.m */ = {isa = PBXFileReference; lastKnownFileType = sourcecode.c.objc; path = ViewController.m; sourceTree = "<group>"; };
		84AF474B1FAD9847004F03B3 /* Base */ = {isa = PBXFileReference; lastKnownFileType = file.storyboard; name = Base; path = Base.lproj/Main.storyboard; sourceTree = "<group>"; };
		84AF474D1FAD9847004F03B3 /* Assets.xcassets */ = {isa = PBXFileReference; lastKnownFileType = folder.assetcatalog; path = Assets.xcassets; sourceTree = "<group>"; };
		84AF47501FAD9847004F03B3 /* Base */ = {isa = PBXFileReference; lastKnownFileType = file.storyboard; name = Base; path = Base.lproj/LaunchScreen.storyboard; sourceTree = "<group>"; };
		84AF47521FAD9847004F03B3 /* Info.plist */ = {isa = PBXFileReference; lastKnownFileType = text.plist.xml; path = Info.plist; sourceTree = "<group>"; };
		84AF47531FAD9847004F03B3 /* main.m */ = {isa = PBXFileReference; lastKnownFileType = sourcecode.c.objc; path = main.m; sourceTree = "<group>"; };
		84AF47591FAD9847004F03B3 /* MSTests.xctest */ = {isa = PBXFileReference; explicitFileType = wrapper.cfbundle; includeInIndex = 0; path = MSTests.xctest; sourceTree = BUILT_PRODUCTS_DIR; };
		84AF475D1FAD9847004F03B3 /* MSTests.m */ = {isa = PBXFileReference; lastKnownFileType = sourcecode.c.objc; path = MSTests.m; sourceTree = "<group>"; };
		84AF475F1FAD9847004F03B3 /* Info.plist */ = {isa = PBXFileReference; lastKnownFileType = text.plist.xml; path = Info.plist; sourceTree = "<group>"; };
		84AF47641FAD9847004F03B3 /* MSUITests.xctest */ = {isa = PBXFileReference; explicitFileType = wrapper.cfbundle; includeInIndex = 0; path = MSUITests.xctest; sourceTree = BUILT_PRODUCTS_DIR; };
		84AF47681FAD9847004F03B3 /* MSUITests.m */ = {isa = PBXFileReference; lastKnownFileType = sourcecode.c.objc; path = MSUITests.m; sourceTree = "<group>"; };
		84AF476A1FAD9847004F03B3 /* Info.plist */ = {isa = PBXFileReference; lastKnownFileType = text.plist.xml; path = Info.plist; sourceTree = "<group>"; };
		84AF47761FAD9D88004F03B3 /* LoginViewController.h */ = {isa = PBXFileReference; lastKnownFileType = sourcecode.c.h; path = LoginViewController.h; sourceTree = "<group>"; };
		84AF47771FAD9D88004F03B3 /* LoginViewController.m */ = {isa = PBXFileReference; lastKnownFileType = sourcecode.c.objc; path = LoginViewController.m; sourceTree = "<group>"; };
		84AF47791FAD9F76004F03B3 /* PrefixHeader.pch */ = {isa = PBXFileReference; lastKnownFileType = sourcecode.c.h; path = PrefixHeader.pch; sourceTree = "<group>"; };
		AC38796DE1A03458E84AEBCB /* Pods-MS.debug.xcconfig */ = {isa = PBXFileReference; includeInIndex = 1; lastKnownFileType = text.xcconfig; name = "Pods-MS.debug.xcconfig"; path = "Pods/Target Support Files/Pods-MS/Pods-MS.debug.xcconfig"; sourceTree = "<group>"; };
/* End PBXFileReference section */

/* Begin PBXFrameworksBuildPhase section */
		84AF473E1FAD9847004F03B3 /* Frameworks */ = {
			isa = PBXFrameworksBuildPhase;
			buildActionMask = 2147483647;
			files = (
				E0B06588BFA1CE5FC663A70E /* libPods-MS.a in Frameworks */,
			);
			runOnlyForDeploymentPostprocessing = 0;
		};
		84AF47561FAD9847004F03B3 /* Frameworks */ = {
			isa = PBXFrameworksBuildPhase;
			buildActionMask = 2147483647;
			files = (
			);
			runOnlyForDeploymentPostprocessing = 0;
		};
		84AF47611FAD9847004F03B3 /* Frameworks */ = {
			isa = PBXFrameworksBuildPhase;
			buildActionMask = 2147483647;
			files = (
			);
			runOnlyForDeploymentPostprocessing = 0;
		};
/* End PBXFrameworksBuildPhase section */

/* Begin PBXGroup section */
		1EFA6A98823B52653A3BE283 /* Pods */ = {
			isa = PBXGroup;
			children = (
				AC38796DE1A03458E84AEBCB /* Pods-MS.debug.xcconfig */,
				0B7DB9D9C5367B1908A210E3 /* Pods-MS.release.xcconfig */,
			);
			name = Pods;
			sourceTree = "<group>";
		};
		84AF47381FAD9847004F03B3 = {
			isa = PBXGroup;
			children = (
				84AF47431FAD9847004F03B3 /* MS */,
				84AF475C1FAD9847004F03B3 /* MSTests */,
				84AF47671FAD9847004F03B3 /* MSUITests */,
				84AF47421FAD9847004F03B3 /* Products */,
				1EFA6A98823B52653A3BE283 /* Pods */,
				8F06ACFAA39E21B4AF1673B8 /* Frameworks */,
			);
			sourceTree = "<group>";
		};
		84AF47421FAD9847004F03B3 /* Products */ = {
			isa = PBXGroup;
			children = (
				84AF47411FAD9847004F03B3 /* MS.app */,
				84AF47591FAD9847004F03B3 /* MSTests.xctest */,
				84AF47641FAD9847004F03B3 /* MSUITests.xctest */,
			);
			name = Products;
			sourceTree = "<group>";
		};
		84AF47431FAD9847004F03B3 /* MS */ = {
			isa = PBXGroup;
			children = (
				84AF47441FAD9847004F03B3 /* AppDelegate.h */,
				84AF47451FAD9847004F03B3 /* AppDelegate.m */,
				84AF47761FAD9D88004F03B3 /* LoginViewController.h */,
				84AF47771FAD9D88004F03B3 /* LoginViewController.m */,
				84AF47471FAD9847004F03B3 /* ViewController.h */,
				84AF47481FAD9847004F03B3 /* ViewController.m */,
				84AF47791FAD9F76004F03B3 /* PrefixHeader.pch */,
				84AF474A1FAD9847004F03B3 /* Main.storyboard */,
				84AF474D1FAD9847004F03B3 /* Assets.xcassets */,
				84AF474F1FAD9847004F03B3 /* LaunchScreen.storyboard */,
				84AF47521FAD9847004F03B3 /* Info.plist */,
				84AF47531FAD9847004F03B3 /* main.m */,
			);
			path = MS;
			sourceTree = "<group>";
		};
		84AF475C1FAD9847004F03B3 /* MSTests */ = {
			isa = PBXGroup;
			children = (
				84AF475D1FAD9847004F03B3 /* MSTests.m */,
				84AF475F1FAD9847004F03B3 /* Info.plist */,
			);
			path = MSTests;
			sourceTree = "<group>";
		};
		84AF47671FAD9847004F03B3 /* MSUITests */ = {
			isa = PBXGroup;
			children = (
				84AF47681FAD9847004F03B3 /* MSUITests.m */,
				84AF476A1FAD9847004F03B3 /* Info.plist */,
			);
			path = MSUITests;
			sourceTree = "<group>";
		};
		8F06ACFAA39E21B4AF1673B8 /* Frameworks */ = {
			isa = PBXGroup;
			children = (
				00916B51731E25A4CAEC89D5 /* libPods-MS.a */,
			);
			name = Frameworks;
			sourceTree = "<group>";
		};
/* End PBXGroup section */

/* Begin PBXNativeTarget section */
		84AF47401FAD9847004F03B3 /* MS */ = {
			isa = PBXNativeTarget;
			buildConfigurationList = 84AF476D1FAD9847004F03B3 /* Build configuration list for PBXNativeTarget "MS" */;
			buildPhases = (
				97A1C3566BCE9890B5B0B7AB /* [CP] Check Pods Manifest.lock */,
				84AF473D1FAD9847004F03B3 /* Sources */,
				84AF473E1FAD9847004F03B3 /* Frameworks */,
				84AF473F1FAD9847004F03B3 /* Resources */,
				2BC3FD9B8AE62EB1DA0B6F57 /* [CP] Embed Pods Frameworks */,
				9EE1DAAC7010782D62705903 /* [CP] Copy Pods Resources */,
			);
			buildRules = (
			);
			dependencies = (
			);
			name = MS;
			productName = MS;
			productReference = 84AF47411FAD9847004F03B3 /* MS.app */;
			productType = "com.apple.product-type.application";
		};
		84AF47581FAD9847004F03B3 /* MSTests */ = {
			isa = PBXNativeTarget;
			buildConfigurationList = 84AF47701FAD9847004F03B3 /* Build configuration list for PBXNativeTarget "MSTests" */;
			buildPhases = (
				84AF47551FAD9847004F03B3 /* Sources */,
				84AF47561FAD9847004F03B3 /* Frameworks */,
				84AF47571FAD9847004F03B3 /* Resources */,
			);
			buildRules = (
			);
			dependencies = (
				84AF475B1FAD9847004F03B3 /* PBXTargetDependency */,
			);
			name = MSTests;
			productName = MSTests;
			productReference = 84AF47591FAD9847004F03B3 /* MSTests.xctest */;
			productType = "com.apple.product-type.bundle.unit-test";
		};
		84AF47631FAD9847004F03B3 /* MSUITests */ = {
			isa = PBXNativeTarget;
			buildConfigurationList = 84AF47731FAD9847004F03B3 /* Build configuration list for PBXNativeTarget "MSUITests" */;
			buildPhases = (
				84AF47601FAD9847004F03B3 /* Sources */,
				84AF47611FAD9847004F03B3 /* Frameworks */,
				84AF47621FAD9847004F03B3 /* Resources */,
			);
			buildRules = (
			);
			dependencies = (
				84AF47661FAD9847004F03B3 /* PBXTargetDependency */,
			);
			name = MSUITests;
			productName = MSUITests;
			productReference = 84AF47641FAD9847004F03B3 /* MSUITests.xctest */;
			productType = "com.apple.product-type.bundle.ui-testing";
		};
/* End PBXNativeTarget section */

/* Begin PBXProject section */
		84AF47391FAD9847004F03B3 /* Project object */ = {
			isa = PBXProject;
			attributes = {
				LastUpgradeCheck = 0900;
				ORGANIZATIONNAME = "pc-570";
				TargetAttributes = {
					84AF47401FAD9847004F03B3 = {
						CreatedOnToolsVersion = 9.0;
						ProvisioningStyle = Automatic;
					};
					84AF47581FAD9847004F03B3 = {
						CreatedOnToolsVersion = 9.0;
						ProvisioningStyle = Automatic;
						TestTargetID = 84AF47401FAD9847004F03B3;
					};
					84AF47631FAD9847004F03B3 = {
						CreatedOnToolsVersion = 9.0;
						ProvisioningStyle = Automatic;
						TestTargetID = 84AF47401FAD9847004F03B3;
					};
				};
			};
			buildConfigurationList = 84AF473C1FAD9847004F03B3 /* Build configuration list for PBXProject "MS" */;
			compatibilityVersion = "Xcode 8.0";
			developmentRegion = en;
			hasScannedForEncodings = 0;
			knownRegions = (
				en,
				Base,
			);
			mainGroup = 84AF47381FAD9847004F03B3;
			productRefGroup = 84AF47421FAD9847004F03B3 /* Products */;
			projectDirPath = "";
			projectRoot = "";
			targets = (
				84AF47401FAD9847004F03B3 /* MS */,
				84AF47581FAD9847004F03B3 /* MSTests */,
				84AF47631FAD9847004F03B3 /* MSUITests */,
			);
		};
/* End PBXProject section */

/* Begin PBXResourcesBuildPhase section */
		84AF473F1FAD9847004F03B3 /* Resources */ = {
			isa = PBXResourcesBuildPhase;
			buildActionMask = 2147483647;
			files = (
				84AF47511FAD9847004F03B3 /* LaunchScreen.storyboard in Resources */,
				84AF474E1FAD9847004F03B3 /* Assets.xcassets in Resources */,
				84AF474C1FAD9847004F03B3 /* Main.storyboard in Resources */,
			);
			runOnlyForDeploymentPostprocessing = 0;
		};
		84AF47571FAD9847004F03B3 /* Resources */ = {
			isa = PBXResourcesBuildPhase;
			buildActionMask = 2147483647;
			files = (
			);
			runOnlyForDeploymentPostprocessing = 0;
		};
		84AF47621FAD9847004F03B3 /* Resources */ = {
			isa = PBXResourcesBuildPhase;
			buildActionMask = 2147483647;
			files = (
			);
			runOnlyForDeploymentPostprocessing = 0;
		};
/* End PBXResourcesBuildPhase section */

/* Begin PBXShellScriptBuildPhase section */
		2BC3FD9B8AE62EB1DA0B6F57 /* [CP] Embed Pods Frameworks */ = {
			isa = PBXShellScriptBuildPhase;
			buildActionMask = 2147483647;
			files = (
			);
			inputPaths = (
			);
			name = "[CP] Embed Pods Frameworks";
			outputPaths = (
			);
			runOnlyForDeploymentPostprocessing = 0;
			shellPath = /bin/sh;
			shellScript = "\"${SRCROOT}/Pods/Target Support Files/Pods-MS/Pods-MS-frameworks.sh\"\n";
			showEnvVarsInLog = 0;
		};
		97A1C3566BCE9890B5B0B7AB /* [CP] Check Pods Manifest.lock */ = {
			isa = PBXShellScriptBuildPhase;
			buildActionMask = 2147483647;
			files = (
			);
			inputPaths = (
			);
			name = "[CP] Check Pods Manifest.lock";
			outputPaths = (
			);
			runOnlyForDeploymentPostprocessing = 0;
			shellPath = /bin/sh;
			shellScript = "diff \"${PODS_ROOT}/../Podfile.lock\" \"${PODS_ROOT}/Manifest.lock\" > /dev/null\nif [ $? != 0 ] ; then\n    # print error to STDERR\n    echo \"error: The sandbox is not in sync with the Podfile.lock. Run 'pod install' or update your CocoaPods installation.\" >&2\n    exit 1\nfi\n";
			showEnvVarsInLog = 0;
		};
		9EE1DAAC7010782D62705903 /* [CP] Copy Pods Resources */ = {
			isa = PBXShellScriptBuildPhase;
			buildActionMask = 2147483647;
			files = (
			);
			inputPaths = (
			);
			name = "[CP] Copy Pods Resources";
			outputPaths = (
			);
			runOnlyForDeploymentPostprocessing = 0;
			shellPath = /bin/sh;
			shellScript = "\"${SRCROOT}/Pods/Target Support Files/Pods-MS/Pods-MS-resources.sh\"\n";
			showEnvVarsInLog = 0;
		};
/* End PBXShellScriptBuildPhase section */

/* Begin PBXSourcesBuildPhase section */
		84AF473D1FAD9847004F03B3 /* Sources */ = {
			isa = PBXSourcesBuildPhase;
			buildActionMask = 2147483647;
			files = (
				84AF47781FAD9D88004F03B3 /* LoginViewController.m in Sources */,
				84AF47491FAD9847004F03B3 /* ViewController.m in Sources */,
				84AF47541FAD9847004F03B3 /* main.m in Sources */,
				84AF47461FAD9847004F03B3 /* AppDelegate.m in Sources */,
			);
			runOnlyForDeploymentPostprocessing = 0;
		};
		84AF47551FAD9847004F03B3 /* Sources */ = {
			isa = PBXSourcesBuildPhase;
			buildActionMask = 2147483647;
			files = (
				84AF475E1FAD9847004F03B3 /* MSTests.m in Sources */,
			);
			runOnlyForDeploymentPostprocessing = 0;
		};
		84AF47601FAD9847004F03B3 /* Sources */ = {
			isa = PBXSourcesBuildPhase;
			buildActionMask = 2147483647;
			files = (
				84AF47691FAD9847004F03B3 /* MSUITests.m in Sources */,
			);
			runOnlyForDeploymentPostprocessing = 0;
		};
/* End PBXSourcesBuildPhase section */

/* Begin PBXTargetDependency section */
		84AF475B1FAD9847004F03B3 /* PBXTargetDependency */ = {
			isa = PBXTargetDependency;
			target = 84AF47401FAD9847004F03B3 /* MS */;
			targetProxy = 84AF475A1FAD9847004F03B3 /* PBXContainerItemProxy */;
		};
		84AF47661FAD9847004F03B3 /* PBXTargetDependency */ = {
			isa = PBXTargetDependency;
			target = 84AF47401FAD9847004F03B3 /* MS */;
			targetProxy = 84AF47651FAD9847004F03B3 /* PBXContainerItemProxy */;
		};
/* End PBXTargetDependency section */

/* Begin PBXVariantGroup section */
		84AF474A1FAD9847004F03B3 /* Main.storyboard */ = {
			isa = PBXVariantGroup;
			children = (
				84AF474B1FAD9847004F03B3 /* Base */,
			);
			name = Main.storyboard;
			sourceTree = "<group>";
		};
		84AF474F1FAD9847004F03B3 /* LaunchScreen.storyboard */ = {
			isa = PBXVariantGroup;
			children = (
				84AF47501FAD9847004F03B3 /* Base */,
			);
			name = LaunchScreen.storyboard;
			sourceTree = "<group>";
		};
/* End PBXVariantGroup section */

/* Begin XCBuildConfiguration section */
		84AF476B1FAD9847004F03B3 /* Debug */ = {
			isa = XCBuildConfiguration;
			buildSettings = {
				ALWAYS_SEARCH_USER_PATHS = NO;
				CLANG_ANALYZER_NONNULL = YES;
				CLANG_ANALYZER_NUMBER_OBJECT_CONVERSION = YES_AGGRESSIVE;
				CLANG_CXX_LANGUAGE_STANDARD = "gnu++14";
				CLANG_CXX_LIBRARY = "libc++";
				CLANG_ENABLE_MODULES = YES;
				CLANG_ENABLE_OBJC_ARC = YES;
				CLANG_WARN_BLOCK_CAPTURE_AUTORELEASING = YES;
				CLANG_WARN_BOOL_CONVERSION = YES;
				CLANG_WARN_COMMA = YES;
				CLANG_WARN_CONSTANT_CONVERSION = YES;
				CLANG_WARN_DIRECT_OBJC_ISA_USAGE = YES_ERROR;
				CLANG_WARN_DOCUMENTATION_COMMENTS = YES;
				CLANG_WARN_EMPTY_BODY = YES;
				CLANG_WARN_ENUM_CONVERSION = YES;
				CLANG_WARN_INFINITE_RECURSION = YES;
				CLANG_WARN_INT_CONVERSION = YES;
				CLANG_WARN_NON_LITERAL_NULL_CONVERSION = YES;
				CLANG_WARN_OBJC_LITERAL_CONVERSION = YES;
				CLANG_WARN_OBJC_ROOT_CLASS = YES_ERROR;
				CLANG_WARN_RANGE_LOOP_ANALYSIS = YES;
				CLANG_WARN_STRICT_PROTOTYPES = YES;
				CLANG_WARN_SUSPICIOUS_MOVE = YES;
				CLANG_WARN_UNGUARDED_AVAILABILITY = YES_AGGRESSIVE;
				CLANG_WARN_UNREACHABLE_CODE = YES;
				CLANG_WARN__DUPLICATE_METHOD_MATCH = YES;
				CODE_SIGN_IDENTITY = "iPhone Developer";
				COPY_PHASE_STRIP = NO;
				DEBUG_INFORMATION_FORMAT = dwarf;
				ENABLE_STRICT_OBJC_MSGSEND = YES;
				ENABLE_TESTABILITY = YES;
				GCC_C_LANGUAGE_STANDARD = gnu11;
				GCC_DYNAMIC_NO_PIC = NO;
				GCC_NO_COMMON_BLOCKS = YES;
				GCC_OPTIMIZATION_LEVEL = 0;
				GCC_PREPROCESSOR_DEFINITIONS = (
					"DEBUG=1",
					"$(inherited)",
				);
				GCC_WARN_64_TO_32_BIT_CONVERSION = YES;
				GCC_WARN_ABOUT_RETURN_TYPE = YES_ERROR;
				GCC_WARN_UNDECLARED_SELECTOR = YES;
				GCC_WARN_UNINITIALIZED_AUTOS = YES_AGGRESSIVE;
				GCC_WARN_UNUSED_FUNCTION = YES;
				GCC_WARN_UNUSED_VARIABLE = YES;
				IPHONEOS_DEPLOYMENT_TARGET = 11.0;
				MTL_ENABLE_DEBUG_INFO = YES;
				ONLY_ACTIVE_ARCH = YES;
				SDKROOT = iphoneos;
			};
			name = Debug;
		};
		84AF476C1FAD9847004F03B3 /* Release */ = {
			isa = XCBuildConfiguration;
			buildSettings = {
				ALWAYS_SEARCH_USER_PATHS = NO;
				CLANG_ANALYZER_NONNULL = YES;
				CLANG_ANALYZER_NUMBER_OBJECT_CONVERSION = YES_AGGRESSIVE;
				CLANG_CXX_LANGUAGE_STANDARD = "gnu++14";
				CLANG_CXX_LIBRARY = "libc++";
				CLANG_ENABLE_MODULES = YES;
				CLANG_ENABLE_OBJC_ARC = YES;
				CLANG_WARN_BLOCK_CAPTURE_AUTORELEASING = YES;
				CLANG_WARN_BOOL_CONVERSION = YES;
				CLANG_WARN_COMMA = YES;
				CLANG_WARN_CONSTANT_CONVERSION = YES;
				CLANG_WARN_DIRECT_OBJC_ISA_USAGE = YES_ERROR;
				CLANG_WARN_DOCUMENTATION_COMMENTS = YES;
				CLANG_WARN_EMPTY_BODY = YES;
				CLANG_WARN_ENUM_CONVERSION = YES;
				CLANG_WARN_INFINITE_RECURSION = YES;
				CLANG_WARN_INT_CONVERSION = YES;
				CLANG_WARN_NON_LITERAL_NULL_CONVERSION = YES;
				CLANG_WARN_OBJC_LITERAL_CONVERSION = YES;
				CLANG_WARN_OBJC_ROOT_CLASS = YES_ERROR;
				CLANG_WARN_RANGE_LOOP_ANALYSIS = YES;
				CLANG_WARN_STRICT_PROTOTYPES = YES;
				CLANG_WARN_SUSPICIOUS_MOVE = YES;
				CLANG_WARN_UNGUARDED_AVAILABILITY = YES_AGGRESSIVE;
				CLANG_WARN_UNREACHABLE_CODE = YES;
				CLANG_WARN__DUPLICATE_METHOD_MATCH = YES;
				CODE_SIGN_IDENTITY = "iPhone Developer";
				COPY_PHASE_STRIP = NO;
				DEBUG_INFORMATION_FORMAT = "dwarf-with-dsym";
				ENABLE_NS_ASSERTIONS = NO;
				ENABLE_STRICT_OBJC_MSGSEND = YES;
				GCC_C_LANGUAGE_STANDARD = gnu11;
				GCC_NO_COMMON_BLOCKS = YES;
				GCC_WARN_64_TO_32_BIT_CONVERSION = YES;
				GCC_WARN_ABOUT_RETURN_TYPE = YES_ERROR;
				GCC_WARN_UNDECLARED_SELECTOR = YES;
				GCC_WARN_UNINITIALIZED_AUTOS = YES_AGGRESSIVE;
				GCC_WARN_UNUSED_FUNCTION = YES;
				GCC_WARN_UNUSED_VARIABLE = YES;
				IPHONEOS_DEPLOYMENT_TARGET = 11.0;
				MTL_ENABLE_DEBUG_INFO = NO;
				SDKROOT = iphoneos;
				VALIDATE_PRODUCT = YES;
			};
			name = Release;
		};
		84AF476E1FAD9847004F03B3 /* Debug */ = {
			isa = XCBuildConfiguration;
			baseConfigurationReference = AC38796DE1A03458E84AEBCB /* Pods-MS.debug.xcconfig */;
			buildSettings = {
				ASSETCATALOG_COMPILER_APPICON_NAME = AppIcon;
				CODE_SIGN_STYLE = Automatic;
				DEVELOPMENT_TEAM = B36UV7YGR5;
				GCC_PRECOMPILE_PREFIX_HEADER = YES;
				GCC_PREFIX_HEADER = "$(SRCROOT)/MS/PrefixHeader.pch";
				INFOPLIST_FILE = MS/Info.plist;
				LD_RUNPATH_SEARCH_PATHS = "$(inherited) @executable_path/Frameworks";
				PRODUCT_BUNDLE_IDENTIFIER = com.MS;
				PRODUCT_NAME = "$(TARGET_NAME)";
				TARGETED_DEVICE_FAMILY = "1,2";
			};
			name = Debug;
		};
		84AF476F1FAD9847004F03B3 /* Release */ = {
			isa = XCBuildConfiguration;
			baseConfigurationReference = 0B7DB9D9C5367B1908A210E3 /* Pods-MS.release.xcconfig */;
			buildSettings = {
				ASSETCATALOG_COMPILER_APPICON_NAME = AppIcon;
				CODE_SIGN_STYLE = Automatic;
				DEVELOPMENT_TEAM = B36UV7YGR5;
				GCC_PRECOMPILE_PREFIX_HEADER = YES;
				GCC_PREFIX_HEADER = "$(SRCROOT)/MS/PrefixHeader.pch";
				INFOPLIST_FILE = MS/Info.plist;
				LD_RUNPATH_SEARCH_PATHS = "$(inherited) @executable_path/Frameworks";
				PRODUCT_BUNDLE_IDENTIFIER = com.MS;
				PRODUCT_NAME = "$(TARGET_NAME)";
				TARGETED_DEVICE_FAMILY = "1,2";
			};
			name = Release;
		};
		84AF47711FAD9847004F03B3 /* Debug */ = {
			isa = XCBuildConfiguration;
			buildSettings = {
				BUNDLE_LOADER = "$(TEST_HOST)";
				CODE_SIGN_STYLE = Automatic;
				DEVELOPMENT_TEAM = B36UV7YGR5;
				INFOPLIST_FILE = MSTests/Info.plist;
				LD_RUNPATH_SEARCH_PATHS = "$(inherited) @executable_path/Frameworks @loader_path/Frameworks";
				PRODUCT_BUNDLE_IDENTIFIER = com.MSTests;
				PRODUCT_NAME = "$(TARGET_NAME)";
				TARGETED_DEVICE_FAMILY = "1,2";
				TEST_HOST = "$(BUILT_PRODUCTS_DIR)/MS.app/MS";
			};
			name = Debug;
		};
		84AF47721FAD9847004F03B3 /* Release */ = {
			isa = XCBuildConfiguration;
			buildSettings = {
				BUNDLE_LOADER = "$(TEST_HOST)";
				CODE_SIGN_STYLE = Automatic;
				DEVELOPMENT_TEAM = B36UV7YGR5;
				INFOPLIST_FILE = MSTests/Info.plist;
				LD_RUNPATH_SEARCH_PATHS = "$(inherited) @executable_path/Frameworks @loader_path/Frameworks";
				PRODUCT_BUNDLE_IDENTIFIER = com.MSTests;
				PRODUCT_NAME = "$(TARGET_NAME)";
				TARGETED_DEVICE_FAMILY = "1,2";
				TEST_HOST = "$(BUILT_PRODUCTS_DIR)/MS.app/MS";
			};
			name = Release;
		};
		84AF47741FAD9847004F03B3 /* Debug */ = {
			isa = XCBuildConfiguration;
			buildSettings = {
				CODE_SIGN_STYLE = Automatic;
				DEVELOPMENT_TEAM = B36UV7YGR5;
				INFOPLIST_FILE = MSUITests/Info.plist;
				LD_RUNPATH_SEARCH_PATHS = "$(inherited) @executable_path/Frameworks @loader_path/Frameworks";
				PRODUCT_BUNDLE_IDENTIFIER = com.MSUITests;
				PRODUCT_NAME = "$(TARGET_NAME)";
				TARGETED_DEVICE_FAMILY = "1,2";
				TEST_TARGET_NAME = MS;
			};
			name = Debug;
		};
		84AF47751FAD9847004F03B3 /* Release */ = {
			isa = XCBuildConfiguration;
			buildSettings = {
				CODE_SIGN_STYLE = Automatic;
				DEVELOPMENT_TEAM = B36UV7YGR5;
				INFOPLIST_FILE = MSUITests/Info.plist;
				LD_RUNPATH_SEARCH_PATHS = "$(inherited) @executable_path/Frameworks @loader_path/Frameworks";
				PRODUCT_BUNDLE_IDENTIFIER = com.MSUITests;
				PRODUCT_NAME = "$(TARGET_NAME)";
				TARGETED_DEVICE_FAMILY = "1,2";
				TEST_TARGET_NAME = MS;
			};
			name = Release;
		};
/* End XCBuildConfiguration section */

/* Begin XCConfigurationList section */
		84AF473C1FAD9847004F03B3 /* Build configuration list for PBXProject "MS" */ = {
			isa = XCConfigurationList;
			buildConfigurations = (
				84AF476B1FAD9847004F03B3 /* Debug */,
				84AF476C1FAD9847004F03B3 /* Release */,
			);
			defaultConfigurationIsVisible = 0;
			defaultConfigurationName = Release;
		};
		84AF476D1FAD9847004F03B3 /* Build configuration list for PBXNativeTarget "MS" */ = {
			isa = XCConfigurationList;
			buildConfigurations = (
				84AF476E1FAD9847004F03B3 /* Debug */,
				84AF476F1FAD9847004F03B3 /* Release */,
			);
			defaultConfigurationIsVisible = 0;
			defaultConfigurationName = Release;
		};
		84AF47701FAD9847004F03B3 /* Build configuration list for PBXNativeTarget "MSTests" */ = {
			isa = XCConfigurationList;
			buildConfigurations = (
				84AF47711FAD9847004F03B3 /* Debug */,
				84AF47721FAD9847004F03B3 /* Release */,
			);
			defaultConfigurationIsVisible = 0;
			defaultConfigurationName = Release;
		};
		84AF47731FAD9847004F03B3 /* Build configuration list for PBXNativeTarget "MSUITests" */ = {
			isa = XCConfigurationList;
			buildConfigurations = (
				84AF47741FAD9847004F03B3 /* Debug */,
				84AF47751FAD9847004F03B3 /* Release */,
			);
			defaultConfigurationIsVisible = 0;
			defaultConfigurationName = Release;
		};
/* End XCConfigurationList section */
	};
	rootObject = 84AF47391FAD9847004F03B3 /* Project object */;
}
